Microsoft Visual Studio Solution File, Format Version 8.00
Project("{8BC9CEB8-8B4A-11D0-8D11-00A0C91BC942}") = "maketa", "maketa\maketa.vcproj", "{72A82B40-F3C6-405A-9D50-9A07C8C80DDA}"
	ProjectSection(ProjectDependencies) = postProject
	EndProjectSection
EndProject
Project("{8BC9CEB8-8B4A-11D0-8D11-00A0C91BC942}") = "ta", "ta\ta.vcproj", "{F1CA4D10-70A1-4569-A8BE-775DF9D33DDA}"
	ProjectSection(ProjectDependencies) = postProject
	EndProjectSection
EndProject
Project("{8BC9CEB8-8B4A-11D0-8D11-00A0C91BC942}") = "taiqtso", "taiqtso\taiqtso.vcproj", "{299C574A-9CDD-407A-A926-60B0C7B4BDE2}"
	ProjectSection(ProjectDependencies) = postProject
	EndProjectSection
EndProject
Project("{8BC9CEB8-8B4A-11D0-8D11-00A0C91BC942}") = "css", "css\css.vcproj", "{4CDD12AD-3C0B-4AE6-800B-C38B091A6402}"
	ProjectSection(ProjectDependencies) = postProject
	EndProjectSection
EndProject
Project("{8BC9CEB8-8B4A-11D0-8D11-00A0C91BC942}") = "bp", "bp\bp.vcproj", "{60A30FA3-BE17-413A-AA55-D167DAC148A2}"
	ProjectSection(ProjectDependencies) = postProject
	EndProjectSection
EndProject
Global
	GlobalSection(SolutionConfiguration) = preSolution
		Debug = Debug
		Release = Release
	EndGlobalSection
	GlobalSection(ProjectConfiguration) = postSolution
		{72A82B40-F3C6-405A-9D50-9A07C8C80DDA}.Debug.ActiveCfg = .NoGuiDebug|Win32
		{72A82B40-F3C6-405A-9D50-9A07C8C80DDA}.Debug.Build.0 = .NoGuiDebug|Win32
		{72A82B40-F3C6-405A-9D50-9A07C8C80DDA}.Release.ActiveCfg = .NoGui|Win32
		{72A82B40-F3C6-405A-9D50-9A07C8C80DDA}.Release.Build.0 = .NoGui|Win32
		{F1CA4D10-70A1-4569-A8BE-775DF9D33DDA}.Debug.ActiveCfg = .GuiDebug|Win32
		{F1CA4D10-70A1-4569-A8BE-775DF9D33DDA}.Debug.Build.0 = .GuiDebug|Win32
		{F1CA4D10-70A1-4569-A8BE-775DF9D33DDA}.Release.ActiveCfg = Release|Win32
		{F1CA4D10-70A1-4569-A8BE-775DF9D33DDA}.Release.Build.0 = Release|Win32
		{299C574A-9CDD-407A-A926-60B0C7B4BDE2}.Debug.ActiveCfg = .GuiDebug|Win32
		{299C574A-9CDD-407A-A926-60B0C7B4BDE2}.Debug.Build.0 = .GuiDebug|Win32
		{299C574A-9CDD-407A-A926-60B0C7B4BDE2}.Release.ActiveCfg = Release|Win32
		{299C574A-9CDD-407A-A926-60B0C7B4BDE2}.Release.Build.0 = Release|Win32
		{4CDD12AD-3C0B-4AE6-800B-C38B091A6402}.Debug.ActiveCfg = Debug|Win32
		{4CDD12AD-3C0B-4AE6-800B-C38B091A6402}.Debug.Build.0 = Debug|Win32
		{4CDD12AD-3C0B-4AE6-800B-C38B091A6402}.Release.ActiveCfg = Release|Win32
		{4CDD12AD-3C0B-4AE6-800B-C38B091A6402}.Release.Build.0 = Release|Win32
		{60A30FA3-BE17-413A-AA55-D167DAC148A2}.Debug.ActiveCfg = Debug|Win32
		{60A30FA3-BE17-413A-AA55-D167DAC148A2}.Debug.Build.0 = Debug|Win32
		{60A30FA3-BE17-413A-AA55-D167DAC148A2}.Release.ActiveCfg = Release|Win32
		{60A30FA3-BE17-413A-AA55-D167DAC148A2}.Release.Build.0 = Release|Win32
	EndGlobalSection
	GlobalSection(ExtensibilityGlobals) = postSolution
	EndGlobalSection
	GlobalSection(ExtensibilityAddIns) = postSolution
	EndGlobalSection
EndGlobal
